{
  "name": "every-chat-bot",
  "version": "1.0.0",
  "lockfileVersion": 2,
  "requires": true,
  "packages": {
    "": {
      "version": "1.0.0",
      "license": "GPLv2",
      "dependencies": {
        "lambda-request-handler": "^0.5.1-alpha1",
        "telegraf": "^4.0.1"
      }
    },
    "node_modules/abort-controller": {
      "version": "3.0.0",
      "resolved": "https://registry.npmjs.org/abort-controller/-/abort-controller-3.0.0.tgz",
      "integrity": "sha512-h8lQ8tacZYnR3vNQTgibj+tODHI5/+l06Au2Pcriv/Gmet0eaj4TwWH41sO9wnHDiQsEj19q0drzdWdeAHtweg==",
      "dependencies": {
        "event-target-shim": "^5.0.0"
      },
      "engines": {
        "node": ">=6.5"
      }
    },
    "node_modules/event-target-shim": {
      "version": "5.0.1",
      "resolved": "https://registry.npmjs.org/event-target-shim/-/event-target-shim-5.0.1.tgz",
      "integrity": "sha512-i/2XbnSz/uxRCU6+NdVJgKWDTM427+MqYbkQzD321DuCQJUqOuJKIA0IM2+W2xtYHdKOmZ4dR6fExsd4SXL+WQ==",
      "engines": {
        "node": ">=6"
      }
    },
    "node_modules/in-process-request": {
      "version": "0.3.0",
      "resolved": "https://registry.npmjs.org/in-process-request/-/in-process-request-0.3.0.tgz",
      "integrity": "sha512-o6aUqjpKg6U8Txitjwff4LyZvyslrpF8+/pUJ50AEgAbPPJi2vNLOpuJ5uYlH5FIS0aGtmhBiiieGLc5OK8YMA=="
    },
    "node_modules/isutf8": {
      "version": "3.1.1",
      "resolved": "https://registry.npmjs.org/isutf8/-/isutf8-3.1.1.tgz",
      "integrity": "sha512-5P2FgGyDsSnRMaLPVGVIgYgMxj50lBujvi5lsVgP1qvMWhxvkmVBWtPcIKgXw9j+/RnmxSvHg3e9tbDnPxx6dw==",
      "engines": {
        "node": ">= 10.12.0"
      }
    },
    "node_modules/lambda-request-handler": {
      "version": "0.5.1-alpha1",
      "resolved": "https://registry.npmjs.org/lambda-request-handler/-/lambda-request-handler-0.5.1-alpha1.tgz",
      "integrity": "sha512-wdEQH9ccbVCp1oE9Dpa5nVk6WE8qWIFpiih/7YtL6tKjp2vpjx3jdtUtyhlUS2XrZK4cJoD15S69aapNNBvI0A==",
      "dependencies": {
        "in-process-request": "^0.3.0",
        "isutf8": "^3.1.1"
      }
    },
    "node_modules/minimist": {
      "version": "1.2.5",
      "resolved": "https://registry.npmjs.org/minimist/-/minimist-1.2.5.tgz",
      "integrity": "sha512-FM9nNUYrRBAELZQT3xeZQ7fmMOBg6nWNmJKTcgsJeaLstP/UODVpGsr5OhXhhXg6f+qtJ8uiZ+PUxkDWcgIXLw=="
    },
    "node_modules/module-alias": {
      "version": "2.2.2",
      "resolved": "https://registry.npmjs.org/module-alias/-/module-alias-2.2.2.tgz",
      "integrity": "sha512-A/78XjoX2EmNvppVWEhM2oGk3x4lLxnkEA4jTbaK97QKSDjkIoOsKQlfylt/d3kKKi596Qy3NP5XrXJ6fZIC9Q=="
    },
    "node_modules/ms": {
      "version": "2.1.2",
      "resolved": "https://registry.npmjs.org/ms/-/ms-2.1.2.tgz",
      "integrity": "sha512-sGkPx+VjMtmA6MX27oA4FBFELFCZZ4S4XqeGOXCv68tT+jb3vk/RyaKWP0PTKyWtmLSM0b+adUTEvbs1PEaH2w=="
    },
    "node_modules/node-fetch": {
      "version": "2.6.1",
      "resolved": "https://registry.npmjs.org/node-fetch/-/node-fetch-2.6.1.tgz",
      "integrity": "sha512-V4aYg89jEoVRxRb2fJdAg8FHvI7cEyYdVAh94HH0UIK8oJxUfkjlDQN9RbMx+bEjP7+ggMiFRprSti032Oipxw==",
      "engines": {
        "node": "4.x || >=6.0.0"
      }
    },
    "node_modules/sandwich-stream": {
      "version": "2.0.2",
      "resolved": "https://registry.npmjs.org/sandwich-stream/-/sandwich-stream-2.0.2.tgz",
      "integrity": "sha512-jLYV0DORrzY3xaz/S9ydJL6Iz7essZeAfnAavsJ+zsJGZ1MOnsS52yRjU3uF3pJa/lla7+wisp//fxOwOH8SKQ==",
      "engines": {
        "node": ">= 0.10"
      }
    },
    "node_modules/telegraf": {
      "version": "4.0.1",
      "resolved": "https://registry.npmjs.org/telegraf/-/telegraf-4.0.1.tgz",
      "integrity": "sha512-kpl3vFDnIjlGxDuzNq3McUnJo9jGOlJEYtBeDPZc0Zvx878HFSO64uJeJ2HW6Tg3/76xh3dX77B7IdTGjuTOWA==",
      "dependencies": {
        "abort-controller": "^3.0.0",
        "debug": "^4.3.1",
        "minimist": "^1.2.5",
        "module-alias": "^2.2.2",
        "node-fetch": "^2.6.1",
        "p-timeout": "^4.1.0",
        "sandwich-stream": "^2.0.2",
        "typegram": "^3.1.4"
      },
      "bin": {
        "telegraf": "bin/telegraf"
      },
      "engines": {
        "node": ">=12"
      }
    },
    "node_modules/telegraf/node_modules/debug": {
      "version": "4.3.1",
      "resolved": "https://registry.npmjs.org/debug/-/debug-4.3.1.tgz",
      "integrity": "sha512-doEwdvm4PCeK4K3RQN2ZC2BYUBaxwLARCqZmMjtF8a51J2Rb0xpVloFRnCODwqjpwnAoao4pelN8l3RJdv3gRQ==",
      "dependencies": {
        "ms": "2.1.2"
      },
      "engines": {
        "node": ">=6.0"
      },
      "peerDependenciesMeta": {
        "supports-color": {
          "optional": true
        }
      }
    },
    "node_modules/telegraf/node_modules/p-timeout": {
      "version": "4.1.0",
      "resolved": "https://registry.npmjs.org/p-timeout/-/p-timeout-4.1.0.tgz",
      "integrity": "sha512-+/wmHtzJuWii1sXn3HCuH/FTwGhrp4tmJTxSKJbfS+vkipci6osxXM5mY0jUiRzWKMTgUT8l7HFbeSwZAynqHw==",
      "engines": {
        "node": ">=10"
      }
    },
    "node_modules/typegram": {
      "version": "3.1.7",
      "resolved": "https://registry.npmjs.org/typegram/-/typegram-3.1.7.tgz",
      "integrity": "sha512-8qugbkUZt8RHTVogVvUgf+s4RVMko1ABUvwEMsKEPwhHZxMRGiR1ZtqbvpOAReWIQh0NNUEUax87TNv0Czotdw=="
    }
  },
  "dependencies": {
    "abort-controller": {
      "version": "3.0.0",
      "resolved": "https://registry.npmjs.org/abort-controller/-/abort-controller-3.0.0.tgz",
      "integrity": "sha512-h8lQ8tacZYnR3vNQTgibj+tODHI5/+l06Au2Pcriv/Gmet0eaj4TwWH41sO9wnHDiQsEj19q0drzdWdeAHtweg==",
      "requires": {
        "event-target-shim": "^5.0.0"
      }
    },
    "event-target-shim": {
      "version": "5.0.1",
      "resolved": "https://registry.npmjs.org/event-target-shim/-/event-target-shim-5.0.1.tgz",
      "integrity": "sha512-i/2XbnSz/uxRCU6+NdVJgKWDTM427+MqYbkQzD321DuCQJUqOuJKIA0IM2+W2xtYHdKOmZ4dR6fExsd4SXL+WQ=="
    },
    "in-process-request": {
      "version": "0.3.0",
      "resolved": "https://registry.npmjs.org/in-process-request/-/in-process-request-0.3.0.tgz",
      "integrity": "sha512-o6aUqjpKg6U8Txitjwff4LyZvyslrpF8+/pUJ50AEgAbPPJi2vNLOpuJ5uYlH5FIS0aGtmhBiiieGLc5OK8YMA=="
    },
    "isutf8": {
      "version": "3.1.1",
      "resolved": "https://registry.npmjs.org/isutf8/-/isutf8-3.1.1.tgz",
      "integrity": "sha512-5P2FgGyDsSnRMaLPVGVIgYgMxj50lBujvi5lsVgP1qvMWhxvkmVBWtPcIKgXw9j+/RnmxSvHg3e9tbDnPxx6dw=="
    },
    "lambda-request-handler": {
      "version": "0.5.1-alpha1",
      "resolved": "https://registry.npmjs.org/lambda-request-handler/-/lambda-request-handler-0.5.1-alpha1.tgz",
      "integrity": "sha512-wdEQH9ccbVCp1oE9Dpa5nVk6WE8qWIFpiih/7YtL6tKjp2vpjx3jdtUtyhlUS2XrZK4cJoD15S69aapNNBvI0A==",
      "requires": {
        "in-process-request": "^0.3.0",
        "isutf8": "^3.1.1"
      }
    },
    "minimist": {
      "version": "1.2.5",
      "resolved": "https://registry.npmjs.org/minimist/-/minimist-1.2.5.tgz",
      "integrity": "sha512-FM9nNUYrRBAELZQT3xeZQ7fmMOBg6nWNmJKTcgsJeaLstP/UODVpGsr5OhXhhXg6f+qtJ8uiZ+PUxkDWcgIXLw=="
    },
    "module-alias": {
      "version": "2.2.2",
      "resolved": "https://registry.npmjs.org/module-alias/-/module-alias-2.2.2.tgz",
      "integrity": "sha512-A/78XjoX2EmNvppVWEhM2oGk3x4lLxnkEA4jTbaK97QKSDjkIoOsKQlfylt/d3kKKi596Qy3NP5XrXJ6fZIC9Q=="
    },
    "ms": {
      "version": "2.1.2",
      "resolved": "https://registry.npmjs.org/ms/-/ms-2.1.2.tgz",
      "integrity": "sha512-sGkPx+VjMtmA6MX27oA4FBFELFCZZ4S4XqeGOXCv68tT+jb3vk/RyaKWP0PTKyWtmLSM0b+adUTEvbs1PEaH2w=="
    },
    "node-fetch": {
      "version": "2.6.1",
      "resolved": "https://registry.npmjs.org/node-fetch/-/node-fetch-2.6.1.tgz",
      "integrity": "sha512-V4aYg89jEoVRxRb2fJdAg8FHvI7cEyYdVAh94HH0UIK8oJxUfkjlDQN9RbMx+bEjP7+ggMiFRprSti032Oipxw=="
    },
    "sandwich-stream": {
      "version": "2.0.2",
      "resolved": "https://registry.npmjs.org/sandwich-stream/-/sandwich-stream-2.0.2.tgz",
      "integrity": "sha512-jLYV0DORrzY3xaz/S9ydJL6Iz7essZeAfnAavsJ+zsJGZ1MOnsS52yRjU3uF3pJa/lla7+wisp//fxOwOH8SKQ=="
    },
    "telegraf": {
      "version": "4.0.1",
      "resolved": "https://registry.npmjs.org/telegraf/-/telegraf-4.0.1.tgz",
      "integrity": "sha512-kpl3vFDnIjlGxDuzNq3McUnJo9jGOlJEYtBeDPZc0Zvx878HFSO64uJeJ2HW6Tg3/76xh3dX77B7IdTGjuTOWA==",
      "requires": {
        "abort-controller": "^3.0.0",
        "debug": "^4.3.1",
        "minimist": "^1.2.5",
        "module-alias": "^2.2.2",
        "node-fetch": "^2.6.1",
        "p-timeout": "^4.1.0",
        "sandwich-stream": "^2.0.2",
        "typegram": "^3.1.4"
      },
      "dependencies": {
        "debug": {
          "version": "4.3.1",
          "resolved": "https://registry.npmjs.org/debug/-/debug-4.3.1.tgz",
          "integrity": "sha512-doEwdvm4PCeK4K3RQN2ZC2BYUBaxwLARCqZmMjtF8a51J2Rb0xpVloFRnCODwqjpwnAoao4pelN8l3RJdv3gRQ==",
          "requires": {
            "ms": "2.1.2"
          }
        },
        "p-timeout": {
          "version": "4.1.0",
          "resolved": "https://registry.npmjs.org/p-timeout/-/p-timeout-4.1.0.tgz",
          "integrity": "sha512-+/wmHtzJuWii1sXn3HCuH/FTwGhrp4tmJTxSKJbfS+vkipci6osxXM5mY0jUiRzWKMTgUT8l7HFbeSwZAynqHw=="
        }
      }
    },
    "typegram": {
      "version": "3.1.7",
      "resolved": "https://registry.npmjs.org/typegram/-/typegram-3.1.7.tgz",
      "integrity": "sha512-8qugbkUZt8RHTVogVvUgf+s4RVMko1ABUvwEMsKEPwhHZxMRGiR1ZtqbvpOAReWIQh0NNUEUax87TNv0Czotdw=="
    }
  }
}
